// !$*UTF8*$!
{
	archiveVersion = 1;
	classes = {
	};
	objectVersion = 51;
	objects = {

/* Begin PBXBuildFile section */
		27FA8D22B466851CC73E298E /* Pods_GithubActionsSampleTests.framework in Frameworks */ = {isa = PBXBuildFile; fileRef = EE40E0A0BA1CECB199B0DFEE /* Pods_GithubActionsSampleTests.framework */; };
		CDB6983815512D0FC9BD411F /* Pods_GithubActionsSample.framework in Frameworks */ = {isa = PBXBuildFile; fileRef = 7B848CEF8A5E6C15DFCDBC3E /* Pods_GithubActionsSample.framework */; };
		D753343723ECEAB600F1C1EA /* AppDelegate.swift in Sources */ = {isa = PBXBuildFile; fileRef = D753343623ECEAB600F1C1EA /* AppDelegate.swift */; };
		D753343923ECEAB600F1C1EA /* SceneDelegate.swift in Sources */ = {isa = PBXBuildFile; fileRef = D753343823ECEAB600F1C1EA /* SceneDelegate.swift */; };
		D753343B23ECEAB600F1C1EA /* ViewController.swift in Sources */ = {isa = PBXBuildFile; fileRef = D753343A23ECEAB600F1C1EA /* ViewController.swift */; };
		D753343E23ECEAB600F1C1EA /* Main.storyboard in Resources */ = {isa = PBXBuildFile; fileRef = D753343C23ECEAB600F1C1EA /* Main.storyboard */; };
		D753344023ECEAB700F1C1EA /* Assets.xcassets in Resources */ = {isa = PBXBuildFile; fileRef = D753343F23ECEAB700F1C1EA /* Assets.xcassets */; };
		D753344323ECEAB700F1C1EA /* LaunchScreen.storyboard in Resources */ = {isa = PBXBuildFile; fileRef = D753344123ECEAB700F1C1EA /* LaunchScreen.storyboard */; };
		D753345A23ECEBA900F1C1EA /* CalculatorTests.swift in Sources */ = {isa = PBXBuildFile; fileRef = D753345923ECEBA900F1C1EA /* CalculatorTests.swift */; };
		D753345D23ECEC1C00F1C1EA /* Calculator.swift in Sources */ = {isa = PBXBuildFile; fileRef = D753345C23ECEC1C00F1C1EA /* Calculator.swift */; };
		D7B98E4223ED08B10089CE1B /* MyConfigTest.swift in Sources */ = {isa = PBXBuildFile; fileRef = D7B98E4123ED08B10089CE1B /* MyConfigTest.swift */; };
		D7B98E4423ED09440089CE1B /* MyConfig.swift in Sources */ = {isa = PBXBuildFile; fileRef = D7B98E4323ED09440089CE1B /* MyConfig.swift */; };
/* End PBXBuildFile section */

/* Begin PBXContainerItemProxy section */
		D753344A23ECEAB700F1C1EA /* PBXContainerItemProxy */ = {
			isa = PBXContainerItemProxy;
			containerPortal = D753342B23ECEAB600F1C1EA /* Project object */;
			proxyType = 1;
			remoteGlobalIDString = D753343223ECEAB600F1C1EA;
			remoteInfo = GithubActionsSample;
		};
/* End PBXContainerItemProxy section */

/* Begin PBXFileReference section */
		34FC5F27C8D633AD5C8A4DE4 /* Pods-GithubActionsSample.release.xcconfig */ = {isa = PBXFileReference; includeInIndex = 1; lastKnownFileType = text.xcconfig; name = "Pods-GithubActionsSample.release.xcconfig"; path = "Target Support Files/Pods-GithubActionsSample/Pods-GithubActionsSample.release.xcconfig"; sourceTree = "<group>"; };
		7B848CEF8A5E6C15DFCDBC3E /* Pods_GithubActionsSample.framework */ = {isa = PBXFileReference; explicitFileType = wrapper.framework; includeInIndex = 0; path = Pods_GithubActionsSample.framework; sourceTree = BUILT_PRODUCTS_DIR; };
		D753343323ECEAB600F1C1EA /* GithubActionsSample.app */ = {isa = PBXFileReference; explicitFileType = wrapper.application; includeInIndex = 0; path = GithubActionsSample.app; sourceTree = BUILT_PRODUCTS_DIR; };
		D753343623ECEAB600F1C1EA /* AppDelegate.swift */ = {isa = PBXFileReference; lastKnownFileType = sourcecode.swift; path = AppDelegate.swift; sourceTree = "<group>"; };
		D753343823ECEAB600F1C1EA /* SceneDelegate.swift */ = {isa = PBXFileReference; lastKnownFileType = sourcecode.swift; path = SceneDelegate.swift; sourceTree = "<group>"; };
		D753343A23ECEAB600F1C1EA /* ViewController.swift */ = {isa = PBXFileReference; lastKnownFileType = sourcecode.swift; path = ViewController.swift; sourceTree = "<group>"; };
		D753343D23ECEAB600F1C1EA /* Base */ = {isa = PBXFileReference; lastKnownFileType = file.storyboard; name = Base; path = Base.lproj/Main.storyboard; sourceTree = "<group>"; };
		D753343F23ECEAB700F1C1EA /* Assets.xcassets */ = {isa = PBXFileReference; lastKnownFileType = folder.assetcatalog; path = Assets.xcassets; sourceTree = "<group>"; };
		D753344223ECEAB700F1C1EA /* Base */ = {isa = PBXFileReference; lastKnownFileType = file.storyboard; name = Base; path = Base.lproj/LaunchScreen.storyboard; sourceTree = "<group>"; };
		D753344423ECEAB700F1C1EA /* Info.plist */ = {isa = PBXFileReference; lastKnownFileType = text.plist.xml; path = Info.plist; sourceTree = "<group>"; };
		D753344923ECEAB700F1C1EA /* GithubActionsSampleTests.xctest */ = {isa = PBXFileReference; explicitFileType = wrapper.cfbundle; includeInIndex = 0; path = GithubActionsSampleTests.xctest; sourceTree = BUILT_PRODUCTS_DIR; };
		D753344F23ECEAB700F1C1EA /* Info.plist */ = {isa = PBXFileReference; lastKnownFileType = text.plist.xml; path = Info.plist; sourceTree = "<group>"; };
		D753345923ECEBA900F1C1EA /* CalculatorTests.swift */ = {isa = PBXFileReference; lastKnownFileType = sourcecode.swift; path = CalculatorTests.swift; sourceTree = "<group>"; };
		D753345C23ECEC1C00F1C1EA /* Calculator.swift */ = {isa = PBXFileReference; lastKnownFileType = sourcecode.swift; path = Calculator.swift; sourceTree = "<group>"; };
		D7B98E4123ED08B10089CE1B /* MyConfigTest.swift */ = {isa = PBXFileReference; lastKnownFileType = sourcecode.swift; path = MyConfigTest.swift; sourceTree = "<group>"; };
		D7B98E4323ED09440089CE1B /* MyConfig.swift */ = {isa = PBXFileReference; lastKnownFileType = sourcecode.swift; path = MyConfig.swift; sourceTree = "<group>"; };
		E4968CDB07BF4BF1D6A45DA7 /* Pods-GithubActionsSample.debug.xcconfig */ = {isa = PBXFileReference; includeInIndex = 1; lastKnownFileType = text.xcconfig; name = "Pods-GithubActionsSample.debug.xcconfig"; path = "Target Support Files/Pods-GithubActionsSample/Pods-GithubActionsSample.debug.xcconfig"; sourceTree = "<group>"; };
		E630A6ED473F4A002CF21CFD /* Pods-GithubActionsSampleTests.release.xcconfig */ = {isa = PBXFileReference; includeInIndex = 1; lastKnownFileType = text.xcconfig; name = "Pods-GithubActionsSampleTests.release.xcconfig"; path = "Target Support Files/Pods-GithubActionsSampleTests/Pods-GithubActionsSampleTests.release.xcconfig"; sourceTree = "<group>"; };
		EE40E0A0BA1CECB199B0DFEE /* Pods_GithubActionsSampleTests.framework */ = {isa = PBXFileReference; explicitFileType = wrapper.framework; includeInIndex = 0; path = Pods_GithubActionsSampleTests.framework; sourceTree = BUILT_PRODUCTS_DIR; };
		F3E1375C807D380C8FEDE62B /* Pods-GithubActionsSampleTests.debug.xcconfig */ = {isa = PBXFileReference; includeInIndex = 1; lastKnownFileType = text.xcconfig; name = "Pods-GithubActionsSampleTests.debug.xcconfig"; path = "Target Support Files/Pods-GithubActionsSampleTests/Pods-GithubActionsSampleTests.debug.xcconfig"; sourceTree = "<group>"; };
/* End PBXFileReference section */

/* Begin PBXFrameworksBuildPhase section */
		D753343023ECEAB600F1C1EA /* Frameworks */ = {
			isa = PBXFrameworksBuildPhase;
			buildActionMask = 2147483647;
			files = (
				CDB6983815512D0FC9BD411F /* Pods_GithubActionsSample.framework in Frameworks */,
			);
			runOnlyForDeploymentPostprocessing = 0;
		};
		D753344623ECEAB700F1C1EA /* Frameworks */ = {
			isa = PBXFrameworksBuildPhase;
			buildActionMask = 2147483647;
			files = (
				27FA8D22B466851CC73E298E /* Pods_GithubActionsSampleTests.framework in Frameworks */,
			);
			runOnlyForDeploymentPostprocessing = 0;
		};
/* End PBXFrameworksBuildPhase section */

/* Begin PBXGroup section */
		0DDC83A9159867DF59FAC43A /* Pods */ = {
			isa = PBXGroup;
			children = (
				E4968CDB07BF4BF1D6A45DA7 /* Pods-GithubActionsSample.debug.xcconfig */,
				34FC5F27C8D633AD5C8A4DE4 /* Pods-GithubActionsSample.release.xcconfig */,
				F3E1375C807D380C8FEDE62B /* Pods-GithubActionsSampleTests.debug.xcconfig */,
				E630A6ED473F4A002CF21CFD /* Pods-GithubActionsSampleTests.release.xcconfig */,
			);
			path = Pods;
			sourceTree = "<group>";
		};
		61DD38840082BA32F77CB08E /* Frameworks */ = {
			isa = PBXGroup;
			children = (
				7B848CEF8A5E6C15DFCDBC3E /* Pods_GithubActionsSample.framework */,
				EE40E0A0BA1CECB199B0DFEE /* Pods_GithubActionsSampleTests.framework */,
			);
			name = Frameworks;
			sourceTree = "<group>";
		};
		D753342A23ECEAB600F1C1EA = {
			isa = PBXGroup;
			children = (
				D753343523ECEAB600F1C1EA /* GithubActionsSample */,
				D753344C23ECEAB700F1C1EA /* GithubActionsSampleTests */,
				D753343423ECEAB600F1C1EA /* Products */,
				0DDC83A9159867DF59FAC43A /* Pods */,
				61DD38840082BA32F77CB08E /* Frameworks */,
			);
			sourceTree = "<group>";
		};
		D753343423ECEAB600F1C1EA /* Products */ = {
			isa = PBXGroup;
			children = (
				D753343323ECEAB600F1C1EA /* GithubActionsSample.app */,
				D753344923ECEAB700F1C1EA /* GithubActionsSampleTests.xctest */,
			);
			name = Products;
			sourceTree = "<group>";
		};
		D753343523ECEAB600F1C1EA /* GithubActionsSample */ = {
			isa = PBXGroup;
			children = (
				D753345B23ECEC1200F1C1EA /* Lib */,
				D753343623ECEAB600F1C1EA /* AppDelegate.swift */,
				D753343823ECEAB600F1C1EA /* SceneDelegate.swift */,
				D753343A23ECEAB600F1C1EA /* ViewController.swift */,
				D753343C23ECEAB600F1C1EA /* Main.storyboard */,
				D753343F23ECEAB700F1C1EA /* Assets.xcassets */,
				D753344123ECEAB700F1C1EA /* LaunchScreen.storyboard */,
				D753344423ECEAB700F1C1EA /* Info.plist */,
			);
			path = GithubActionsSample;
			sourceTree = "<group>";
		};
		D753344C23ECEAB700F1C1EA /* GithubActionsSampleTests */ = {
			isa = PBXGroup;
			children = (
				D753345823ECEB9800F1C1EA /* Lib */,
				D753344F23ECEAB700F1C1EA /* Info.plist */,
			);
			path = GithubActionsSampleTests;
			sourceTree = "<group>";
		};
		D753345823ECEB9800F1C1EA /* Lib */ = {
			isa = PBXGroup;
			children = (
				D753345923ECEBA900F1C1EA /* CalculatorTests.swift */,
				D7B98E4123ED08B10089CE1B /* MyConfigTest.swift */,
			);
			path = Lib;
			sourceTree = "<group>";
		};
		D753345B23ECEC1200F1C1EA /* Lib */ = {
			isa = PBXGroup;
			children = (
				D753345C23ECEC1C00F1C1EA /* Calculator.swift */,
				D7B98E4323ED09440089CE1B /* MyConfig.swift */,
			);
			path = Lib;
			sourceTree = "<group>";
		};
/* End PBXGroup section */

/* Begin PBXNativeTarget section */
		D753343223ECEAB600F1C1EA /* GithubActionsSample */ = {
			isa = PBXNativeTarget;
			buildConfigurationList = D753345223ECEAB700F1C1EA /* Build configuration list for PBXNativeTarget "GithubActionsSample" */;
			buildPhases = (
				C540C4C9E135DEA50E8ADE5B /* [CP] Check Pods Manifest.lock */,
				D753342F23ECEAB600F1C1EA /* Sources */,
				D753343023ECEAB600F1C1EA /* Frameworks */,
				D753343123ECEAB600F1C1EA /* Resources */,
				C18B7551B91AD9E3F0024D8C /* [CP] Embed Pods Frameworks */,
			);
			buildRules = (
			);
			dependencies = (
			);
			name = GithubActionsSample;
			productName = GithubActionsSample;
			productReference = D753343323ECEAB600F1C1EA /* GithubActionsSample.app */;
			productType = "com.apple.product-type.application";
		};
		D753344823ECEAB700F1C1EA /* GithubActionsSampleTests */ = {
			isa = PBXNativeTarget;
			buildConfigurationList = D753345523ECEAB700F1C1EA /* Build configuration list for PBXNativeTarget "GithubActionsSampleTests" */;
			buildPhases = (
				E410CCCB2BEBE456C6102195 /* [CP] Check Pods Manifest.lock */,
				D753344523ECEAB700F1C1EA /* Sources */,
				D753344623ECEAB700F1C1EA /* Frameworks */,
				D753344723ECEAB700F1C1EA /* Resources */,
			);
			buildRules = (
			);
			dependencies = (
				D753344B23ECEAB700F1C1EA /* PBXTargetDependency */,
			);
			name = GithubActionsSampleTests;
			productName = GithubActionsSampleTests;
			productReference = D753344923ECEAB700F1C1EA /* GithubActionsSampleTests.xctest */;
			productType = "com.apple.product-type.bundle.unit-test";
		};
/* End PBXNativeTarget section */

/* Begin PBXProject section */
		D753342B23ECEAB600F1C1EA /* Project object */ = {
			isa = PBXProject;
			attributes = {
				LastSwiftUpdateCheck = 1130;
				LastUpgradeCheck = 1130;
				ORGANIZATIONNAME = "Ryo Oomichi";
				TargetAttributes = {
					D753343223ECEAB600F1C1EA = {
						CreatedOnToolsVersion = 11.3.1;
					};
					D753344823ECEAB700F1C1EA = {
						CreatedOnToolsVersion = 11.3.1;
						TestTargetID = D753343223ECEAB600F1C1EA;
					};
				};
			};
			buildConfigurationList = D753342E23ECEAB600F1C1EA /* Build configuration list for PBXProject "GithubActionsSample" */;
			compatibilityVersion = "Xcode 9.3";
			developmentRegion = en;
			hasScannedForEncodings = 0;
			knownRegions = (
				en,
				Base,
			);
			mainGroup = D753342A23ECEAB600F1C1EA;
			productRefGroup = D753343423ECEAB600F1C1EA /* Products */;
			projectDirPath = "";
			projectRoot = "";
			targets = (
				D753343223ECEAB600F1C1EA /* GithubActionsSample */,
				D753344823ECEAB700F1C1EA /* GithubActionsSampleTests */,
			);
		};
/* End PBXProject section */

/* Begin PBXResourcesBuildPhase section */
		D753343123ECEAB600F1C1EA /* Resources */ = {
			isa = PBXResourcesBuildPhase;
			buildActionMask = 2147483647;
			files = (
				D753344323ECEAB700F1C1EA /* LaunchScreen.storyboard in Resources */,
				D753344023ECEAB700F1C1EA /* Assets.xcassets in Resources */,
				D753343E23ECEAB600F1C1EA /* Main.storyboard in Resources */,
			);
			runOnlyForDeploymentPostprocessing = 0;
		};
		D753344723ECEAB700F1C1EA /* Resources */ = {
			isa = PBXResourcesBuildPhase;
			buildActionMask = 2147483647;
			files = (
			);
			runOnlyForDeploymentPostprocessing = 0;
		};
/* End PBXResourcesBuildPhase section */

/* Begin PBXShellScriptBuildPhase section */
		C18B7551B91AD9E3F0024D8C /* [CP] Embed Pods Frameworks */ = {
			isa = PBXShellScriptBuildPhase;
			buildActionMask = 2147483647;
			files = (
			);
			inputFileListPaths = (
				"${PODS_ROOT}/Target Support Files/Pods-GithubActionsSample/Pods-GithubActionsSample-frameworks-${CONFIGURATION}-input-files.xcfilelist",
			);
			name = "[CP] Embed Pods Frameworks";
			outputFileListPaths = (
				"${PODS_ROOT}/Target Support Files/Pods-GithubActionsSample/Pods-GithubActionsSample-frameworks-${CONFIGURATION}-output-files.xcfilelist",
			);
			runOnlyForDeploymentPostprocessing = 0;
			shellPath = /bin/sh;
			shellScript = "\"${PODS_ROOT}/Target Support Files/Pods-GithubActionsSample/Pods-GithubActionsSample-frameworks.sh\"\n";
			showEnvVarsInLog = 0;
		};
		C540C4C9E135DEA50E8ADE5B /* [CP] Check Pods Manifest.lock */ = {
			isa = PBXShellScriptBuildPhase;
			buildActionMask = 2147483647;
			files = (
			);
			inputFileListPaths = (
			);
			inputPaths = (
				"${PODS_PODFILE_DIR_PATH}/Podfile.lock",
				"${PODS_ROOT}/Manifest.lock",
			);
			name = "[CP] Check Pods Manifest.lock";
			outputFileListPaths = (
			);
			outputPaths = (
				"$(DERIVED_FILE_DIR)/Pods-GithubActionsSample-checkManifestLockResult.txt",
			);
			runOnlyForDeploymentPostprocessing = 0;
			shellPath = /bin/sh;
			shellScript = "diff \"${PODS_PODFILE_DIR_PATH}/Podfile.lock\" \"${PODS_ROOT}/Manifest.lock\" > /dev/null\nif [ $? != 0 ] ; then\n    # print error to STDERR\n    echo \"error: The sandbox is not in sync with the Podfile.lock. Run 'pod install' or update your CocoaPods installation.\" >&2\n    exit 1\nfi\n# This output is used by Xcode 'outputs' to avoid re-running this script phase.\necho \"SUCCESS\" > \"${SCRIPT_OUTPUT_FILE_0}\"\n";
			showEnvVarsInLog = 0;
		};
		E410CCCB2BEBE456C6102195 /* [CP] Check Pods Manifest.lock */ = {
			isa = PBXShellScriptBuildPhase;
			buildActionMask = 2147483647;
			files = (
			);
			inputFileListPaths = (
			);
			inputPaths = (
				"${PODS_PODFILE_DIR_PATH}/Podfile.lock",
				"${PODS_ROOT}/Manifest.lock",
			);
			name = "[CP] Check Pods Manifest.lock";
			outputFileListPaths = (
			);
			outputPaths = (
				"$(DERIVED_FILE_DIR)/Pods-GithubActionsSampleTests-checkManifestLockResult.txt",
			);
			runOnlyForDeploymentPostprocessing = 0;
			shellPath = /bin/sh;
			shellScript = "diff \"${PODS_PODFILE_DIR_PATH}/Podfile.lock\" \"${PODS_ROOT}/Manifest.lock\" > /dev/null\nif [ $? != 0 ] ; then\n    # print error to STDERR\n    echo \"error: The sandbox is not in sync with the Podfile.lock. Run 'pod install' or update your CocoaPods installation.\" >&2\n    exit 1\nfi\n# This output is used by Xcode 'outputs' to avoid re-running this script phase.\necho \"SUCCESS\" > \"${SCRIPT_OUTPUT_FILE_0}\"\n";
			showEnvVarsInLog = 0;
		};
/* End PBXShellScriptBuildPhase section */

/* Begin PBXSourcesBuildPhase section */
		D753342F23ECEAB600F1C1EA /* Sources */ = {
			isa = PBXSourcesBuildPhase;
			buildActionMask = 2147483647;
			files = (
				D753343B23ECEAB600F1C1EA /* ViewController.swift in Sources */,
				D753345D23ECEC1C00F1C1EA /* Calculator.swift in Sources */,
				D753343723ECEAB600F1C1EA /* AppDelegate.swift in Sources */,
				D7B98E4423ED09440089CE1B /* MyConfig.swift in Sources */,
				D753343923ECEAB600F1C1EA /* SceneDelegate.swift in Sources */,
			);
			runOnlyForDeploymentPostprocessing = 0;
		};
		D753344523ECEAB700F1C1EA /* Sources */ = {
			isa = PBXSourcesBuildPhase;
			buildActionMask = 2147483647;
			files = (
				D753345A23ECEBA900F1C1EA /* CalculatorTests.swift in Sources */,
				D7B98E4223ED08B10089CE1B /* MyConfigTest.swift in Sources */,
			);
			runOnlyForDeploymentPostprocessing = 0;
		};
/* End PBXSourcesBuildPhase section */

/* Begin PBXTargetDependency section */
		D753344B23ECEAB700F1C1EA /* PBXTargetDependency */ = {
			isa = PBXTargetDependency;
			target = D753343223ECEAB600F1C1EA /* GithubActionsSample */;
			targetProxy = D753344A23ECEAB700F1C1EA /* PBXContainerItemProxy */;
		};
/* End PBXTargetDependency section */

/* Begin PBXVariantGroup section */
		D753343C23ECEAB600F1C1EA /* Main.storyboard */ = {
			isa = PBXVariantGroup;
			children = (
				D753343D23ECEAB600F1C1EA /* Base */,
			);
			name = Main.storyboard;
			sourceTree = "<group>";
		};
		D753344123ECEAB700F1C1EA /* LaunchScreen.storyboard */ = {
			isa = PBXVariantGroup;
			children = (
				D753344223ECEAB700F1C1EA /* Base */,
			);
			name = LaunchScreen.storyboard;
			sourceTree = "<group>";
		};
/* End PBXVariantGroup section */

/* Begin XCBuildConfiguration section */
		D753345023ECEAB700F1C1EA /* Debug */ = {
			isa = XCBuildConfiguration;
			buildSettings = {
				ALWAYS_SEARCH_USER_PATHS = NO;
				CLANG_ANALYZER_NONNULL = YES;
				CLANG_ANALYZER_NUMBER_OBJECT_CONVERSION = YES_AGGRESSIVE;
				CLANG_CXX_LANGUAGE_STANDARD = "gnu++14";
				CLANG_CXX_LIBRARY = "libc++";
				CLANG_ENABLE_MODULES = YES;
				CLANG_ENABLE_OBJC_ARC = YES;
				CLANG_ENABLE_OBJC_WEAK = YES;
				CLANG_WARN_BLOCK_CAPTURE_AUTORELEASING = YES;
				CLANG_WARN_BOOL_CONVERSION = YES;
				CLANG_WARN_COMMA = YES;
				CLANG_WARN_CONSTANT_CONVERSION = YES;
				CLANG_WARN_DEPRECATED_OBJC_IMPLEMENTATIONS = YES;
				CLANG_WARN_DIRECT_OBJC_ISA_USAGE = YES_ERROR;
				CLANG_WARN_DOCUMENTATION_COMMENTS = YES;
				CLANG_WARN_EMPTY_BODY = YES;
				CLANG_WARN_ENUM_CONVERSION = YES;
				CLANG_WARN_INFINITE_RECURSION = YES;
				CLANG_WARN_INT_CONVERSION = YES;
				CLANG_WARN_NON_LITERAL_NULL_CONVERSION = YES;
				CLANG_WARN_OBJC_IMPLICIT_RETAIN_SELF = YES;
				CLANG_WARN_OBJC_LITERAL_CONVERSION = YES;
				CLANG_WARN_OBJC_ROOT_CLASS = YES_ERROR;
				CLANG_WARN_RANGE_LOOP_ANALYSIS = YES;
				CLANG_WARN_STRICT_PROTOTYPES = YES;
				CLANG_WARN_SUSPICIOUS_MOVE = YES;
				CLANG_WARN_UNGUARDED_AVAILABILITY = YES_AGGRESSIVE;
				CLANG_WARN_UNREACHABLE_CODE = YES;
				CLANG_WARN__DUPLICATE_METHOD_MATCH = YES;
				COPY_PHASE_STRIP = NO;
				DEBUG_INFORMATION_FORMAT = dwarf;
				ENABLE_STRICT_OBJC_MSGSEND = YES;
				ENABLE_TESTABILITY = YES;
				GCC_C_LANGUAGE_STANDARD = gnu11;
				GCC_DYNAMIC_NO_PIC = NO;
				GCC_NO_COMMON_BLOCKS = YES;
				GCC_OPTIMIZATION_LEVEL = 0;
				GCC_PREPROCESSOR_DEFINITIONS = (
					"DEBUG=1",
					"$(inherited)",
				);
				GCC_WARN_64_TO_32_BIT_CONVERSION = YES;
				GCC_WARN_ABOUT_RETURN_TYPE = YES_ERROR;
				GCC_WARN_UNDECLARED_SELECTOR = YES;
				GCC_WARN_UNINITIALIZED_AUTOS = YES_AGGRESSIVE;
				GCC_WARN_UNUSED_FUNCTION = YES;
				GCC_WARN_UNUSED_VARIABLE = YES;
				IPHONEOS_DEPLOYMENT_TARGET = 13.0;
				MTL_ENABLE_DEBUG_INFO = INCLUDE_SOURCE;
				MTL_FAST_MATH = YES;
				ONLY_ACTIVE_ARCH = YES;
				SDKROOT = iphoneos;
				SWIFT_ACTIVE_COMPILATION_CONDITIONS = DEBUG;
				SWIFT_OPTIMIZATION_LEVEL = "-Onone";
			};
			name = Debug;
		};
		D753345123ECEAB700F1C1EA /* Release */ = {
			isa = XCBuildConfiguration;
			buildSettings = {
				ALWAYS_SEARCH_USER_PATHS = NO;
				CLANG_ANALYZER_NONNULL = YES;
				CLANG_ANALYZER_NUMBER_OBJECT_CONVERSION = YES_AGGRESSIVE;
				CLANG_CXX_LANGUAGE_STANDARD = "gnu++14";
				CLANG_CXX_LIBRARY = "libc++";
				CLANG_ENABLE_MODULES = YES;
				CLANG_ENABLE_OBJC_ARC = YES;
				CLANG_ENABLE_OBJC_WEAK = YES;
				CLANG_WARN_BLOCK_CAPTURE_AUTORELEASING = YES;
				CLANG_WARN_BOOL_CONVERSION = YES;
				CLANG_WARN_COMMA = YES;
				CLANG_WARN_CONSTANT_CONVERSION = YES;
				CLANG_WARN_DEPRECATED_OBJC_IMPLEMENTATIONS = YES;
				CLANG_WARN_DIRECT_OBJC_ISA_USAGE = YES_ERROR;
				CLANG_WARN_DOCUMENTATION_COMMENTS = YES;
				CLANG_WARN_EMPTY_BODY = YES;
				CLANG_WARN_ENUM_CONVERSION = YES;
				CLANG_WARN_INFINITE_RECURSION = YES;
				CLANG_WARN_INT_CONVERSION = YES;
				CLANG_WARN_NON_LITERAL_NULL_CONVERSION = YES;
				CLANG_WARN_OBJC_IMPLICIT_RETAIN_SELF = YES;
				CLANG_WARN_OBJC_LITERAL_CONVERSION = YES;
				CLANG_WARN_OBJC_ROOT_CLASS = YES_ERROR;
				CLANG_WARN_RANGE_LOOP_ANALYSIS = YES;
				CLANG_WARN_STRICT_PROTOTYPES = YES;
				CLANG_WARN_SUSPICIOUS_MOVE = YES;
				CLANG_WARN_UNGUARDED_AVAILABILITY = YES_AGGRESSIVE;
				CLANG_WARN_UNREACHABLE_CODE = YES;
				CLANG_WARN__DUPLICATE_METHOD_MATCH = YES;
				COPY_PHASE_STRIP = NO;
				DEBUG_INFORMATION_FORMAT = "dwarf-with-dsym";
				ENABLE_NS_ASSERTIONS = NO;
				ENABLE_STRICT_OBJC_MSGSEND = YES;
				GCC_C_LANGUAGE_STANDARD = gnu11;
				GCC_NO_COMMON_BLOCKS = YES;
				GCC_WARN_64_TO_32_BIT_CONVERSION = YES;
				GCC_WARN_ABOUT_RETURN_TYPE = YES_ERROR;
				GCC_WARN_UNDECLARED_SELECTOR = YES;
				GCC_WARN_UNINITIALIZED_AUTOS = YES_AGGRESSIVE;
				GCC_WARN_UNUSED_FUNCTION = YES;
				GCC_WARN_UNUSED_VARIABLE = YES;
				IPHONEOS_DEPLOYMENT_TARGET = 13.0;
				MTL_ENABLE_DEBUG_INFO = NO;
				MTL_FAST_MATH = YES;
				SDKROOT = iphoneos;
				SWIFT_COMPILATION_MODE = wholemodule;
				SWIFT_OPTIMIZATION_LEVEL = "-O";
				VALIDATE_PRODUCT = YES;
			};
			name = Release;
		};
		D753345323ECEAB700F1C1EA /* Debug */ = {
			isa = XCBuildConfiguration;
			baseConfigurationReference = E4968CDB07BF4BF1D6A45DA7 /* Pods-GithubActionsSample.debug.xcconfig */;
			buildSettings = {
				ASSETCATALOG_COMPILER_APPICON_NAME = AppIcon;
				CODE_SIGN_STYLE = Automatic;
				DEVELOPMENT_TEAM = 5BV78K5X3Y;
				INFOPLIST_FILE = GithubActionsSample/Info.plist;
				LD_RUNPATH_SEARCH_PATHS = (
					"$(inherited)",
					"@executable_path/Frameworks",
				);
				PRODUCT_BUNDLE_IDENTIFIER = com.example.GithubActionsSample;
				PRODUCT_NAME = "$(TARGET_NAME)";
				SWIFT_VERSION = 5.0;
				TARGETED_DEVICE_FAMILY = "1,2";
			};
			name = Debug;
		};
		D753345423ECEAB700F1C1EA /* Release */ = {
			isa = XCBuildConfiguration;
			baseConfigurationReference = 34FC5F27C8D633AD5C8A4DE4 /* Pods-GithubActionsSample.release.xcconfig */;
			buildSettings = {
				ASSETCATALOG_COMPILER_APPICON_NAME = AppIcon;
				CODE_SIGN_STYLE = Automatic;
				DEVELOPMENT_TEAM = 5BV78K5X3Y;
				INFOPLIST_FILE = GithubActionsSample/Info.plist;
				LD_RUNPATH_SEARCH_PATHS = (
					"$(inherited)",
					"@executable_path/Frameworks",
				);
				PRODUCT_BUNDLE_IDENTIFIER = com.example.GithubActionsSample;
				PRODUCT_NAME = "$(TARGET_NAME)";
				SWIFT_VERSION = 5.0;
				TARGETED_DEVICE_FAMILY = "1,2";
			};
			name = Release;
		};
		D753345623ECEAB700F1C1EA /* Debug */ = {
			isa = XCBuildConfiguration;
			baseConfigurationReference = F3E1375C807D380C8FEDE62B /* Pods-GithubActionsSampleTests.debug.xcconfig */;
			buildSettings = {
				ALWAYS_EMBED_SWIFT_STANDARD_LIBRARIES = YES;
				BUNDLE_LOADER = "$(TEST_HOST)";
				CODE_SIGN_STYLE = Automatic;
				DEVELOPMENT_TEAM = 5BV78K5X3Y;
				INFOPLIST_FILE = GithubActionsSampleTests/Info.plist;
				IPHONEOS_DEPLOYMENT_TARGET = 13.2;
				LD_RUNPATH_SEARCH_PATHS = (
					"$(inherited)",
					"@executable_path/Frameworks",
					"@loader_path/Frameworks",
				);
				PRODUCT_BUNDLE_IDENTIFIER = com.example.GithubActionsSampleTests;
				PRODUCT_NAME = "$(TARGET_NAME)";
				SWIFT_VERSION = 5.0;
				TARGETED_DEVICE_FAMILY = "1,2";
				TEST_HOST = "$(BUILT_PRODUCTS_DIR)/GithubActionsSample.app/GithubActionsSample";
			};
			name = Debug;
		};
		D753345723ECEAB700F1C1EA /* Release */ = {
			isa = XCBuildConfiguration;
			baseConfigurationReference = E630A6ED473F4A002CF21CFD /* Pods-GithubActionsSampleTests.release.xcconfig */;
			buildSettings = {
				ALWAYS_EMBED_SWIFT_STANDARD_LIBRARIES = YES;
				BUNDLE_LOADER = "$(TEST_HOST)";
				CODE_SIGN_STYLE = Automatic;
				DEVELOPMENT_TEAM = 5BV78K5X3Y;
				INFOPLIST_FILE = GithubActionsSampleTests/Info.plist;
				IPHONEOS_DEPLOYMENT_TARGET = 13.2;
				LD_RUNPATH_SEARCH_PATHS = (
					"$(inherited)",
					"@executable_path/Frameworks",
					"@loader_path/Frameworks",
				);
				PRODUCT_BUNDLE_IDENTIFIER = com.example.GithubActionsSampleTests;
				PRODUCT_NAME = "$(TARGET_NAME)";
				SWIFT_VERSION = 5.0;
				TARGETED_DEVICE_FAMILY = "1,2";
				TEST_HOST = "$(BUILT_PRODUCTS_DIR)/GithubActionsSample.app/GithubActionsSample";
			};
			name = Release;
		};
/* End XCBuildConfiguration section */

/* Begin XCConfigurationList section */
		D753342E23ECEAB600F1C1EA /* Build configuration list for PBXProject "GithubActionsSample" */ = {
			isa = XCConfigurationList;
			buildConfigurations = (
				D753345023ECEAB700F1C1EA /* Debug */,
				D753345123ECEAB700F1C1EA /* Release */,
			);
			defaultConfigurationIsVisible = 0;
			defaultConfigurationName = Release;
		};
		D753345223ECEAB700F1C1EA /* Build configuration list for PBXNativeTarget "GithubActionsSample" */ = {
			isa = XCConfigurationList;
			buildConfigurations = (
				D753345323ECEAB700F1C1EA /* Debug */,
				D753345423ECEAB700F1C1EA /* Release */,
			);
			defaultConfigurationIsVisible = 0;
			defaultConfigurationName = Release;
		};
		D753345523ECEAB700F1C1EA /* Build configuration list for PBXNativeTarget "GithubActionsSampleTests" */ = {
			isa = XCConfigurationList;
			buildConfigurations = (
				D753345623ECEAB700F1C1EA /* Debug */,
				D753345723ECEAB700F1C1EA /* Release */,
			);
			defaultConfigurationIsVisible = 0;
			defaultConfigurationName = Release;
		};
/* End XCConfigurationList section */
	};
	rootObject = D753342B23ECEAB600F1C1EA /* Project object */;
}
